<?xml version="1.0" encoding="utf-8"?>
<Project ToolsVersion="4.0" xmlns="http://schemas.microsoft.com/developer/msbuild/2003">
  <ItemGroup>
    <Filter Include="Arquivos de Recurso">
      <UniqueIdentifier>{67DA6AB6-F800-4c08-8B7A-83BB121AAD01}</UniqueIdentifier>
      <Extensions>rc;ico;cur;bmp;dlg;rc2;rct;bin;rgs;gif;jpg;jpeg;jpe;resx;tiff;tif;png;wav;mfcribbon-ms</Extensions>
    </Filter>
    <Filter Include="Core">
      <UniqueIdentifier>{1727aaa6-bdad-4f15-a929-f06321c311c0}</UniqueIdentifier>
    </Filter>
    <Filter Include="app">
      <UniqueIdentifier>{d291f008-954a-41f9-b311-17e1cc018f94}</UniqueIdentifier>
    </Filter>
    <Filter Include="app\Libs">
      <UniqueIdentifier>{5f5b0565-39e5-4303-b0c8-270080368984}</UniqueIdentifier>
    </Filter>
    <Filter Include="app\Configs">
      <UniqueIdentifier>{90f309bf-8843-4201-9d66-831b6baf4835}</UniqueIdentifier>
    </Filter>
    <Filter Include="app\Loggers">
      <UniqueIdentifier>{d26a58f1-6c92-4ea7-9598-580a89d67b5e}</UniqueIdentifier>
    </Filter>
  </ItemGroup>
  <ItemGroup>
    <ClCompile Include="server.cpp">
      <Filter>app</Filter>
    </ClCompile>
    <ClCompile Include="SyncHTTPServer.cpp">
      <Filter>app</Filter>
    </ClCompile>
    <ClCompile Include="SqliteDatabase.cpp">
      <Filter>app</Filter>
    </ClCompile>
    <ClCompile Include="HttpRequest.cpp">
      <Filter>app</Filter>
    </ClCompile>
    <ClCompile Include="simdjson.cpp">
      <Filter>app\Libs</Filter>
    </ClCompile>
  </ItemGroup>
  <ItemGroup>
    <ClInclude Include="Core\IDatabase.hpp">
      <Filter>Core</Filter>
    </ClInclude>
    <ClInclude Include="Core\ILogger.hpp">
      <Filter>Core</Filter>
    </ClInclude>
    <ClInclude Include="Core\IServer.hpp">
      <Filter>Core</Filter>
    </ClInclude>
    <ClInclude Include="Core\IClientRepository.hpp">
      <Filter>Core</Filter>
    </ClInclude>
    <ClInclude Include="Core\IEventRepository.hpp">
      <Filter>Core</Filter>
    </ClInclude>
    <ClInclude Include="Core\IClientConnectionRepository.hpp">
      <Filter>Core</Filter>
    </ClInclude>
    <ClInclude Include="SyncHTTPServer.hpp">
      <Filter>app</Filter>
    </ClInclude>
    <ClInclude Include="SqliteDatabase.hpp">
      <Filter>app</Filter>
    </ClInclude>
    <ClInclude Include="sql_queries.hpp">
      <Filter>app</Filter>
    </ClInclude>
    <ClInclude Include="Core\IRequest.hpp">
      <Filter>Core</Filter>
    </ClInclude>
    <ClInclude Include="CommandRequest.hpp">
      <Filter>app</Filter>
    </ClInclude>
    <ClInclude Include="HttpRequest.hpp">
      <Filter>app</Filter>
    </ClInclude>
    <ClInclude Include="RequestFactory.hpp">
      <Filter>app</Filter>
    </ClInclude>
    <ClInclude Include="Core\IRequestHandler.hpp">
      <Filter>Core</Filter>
    </ClInclude>
    <ClInclude Include="HttpResponse.hpp">
      <Filter>app</Filter>
    </ClInclude>
    <ClInclude Include="RequestRouter.hpp">
      <Filter>app</Filter>
    </ClInclude>
    <ClInclude Include="Core\IBodyParser.hpp">
      <Filter>Core</Filter>
    </ClInclude>
    <ClInclude Include="MultipartBodyParser.hpp">
      <Filter>app</Filter>
    </ClInclude>
    <ClInclude Include="simdjson.h">
      <Filter>app\Libs</Filter>
    </ClInclude>
    <ClInclude Include="Configurations\ConfigFactory.hpp">
      <Filter>app\Configs</Filter>
    </ClInclude>
    <ClInclude Include="Configurations\JSONConfig.hpp">
      <Filter>app\Configs</Filter>
    </ClInclude>
    <ClInclude Include="Configurations\XMLConfig.hpp">
      <Filter>app\Configs</Filter>
    </ClInclude>
    <ClInclude Include="Core\IConfig.hpp">
      <Filter>Core</Filter>
    </ClInclude>
    <ClInclude Include="ConsoleLogger.hpp">
      <Filter>app\Loggers</Filter>
    </ClInclude>
    <ClInclude Include="spdlogger.hpp">
      <Filter>app\Loggers</Filter>
    </ClInclude>
    <ClInclude Include="RequestHandlers.hpp">
      <Filter>app</Filter>
    </ClInclude>
  </ItemGroup>
</Project>