<?xml version="1.0" encoding="utf-8"?>
<Project ToolsVersion="4.0" xmlns="http://schemas.microsoft.com/developer/msbuild/2003">
  <ItemGroup>
    <Filter Include="Arquivos de Recurso">
      <UniqueIdentifier>{67DA6AB6-F800-4c08-8B7A-83BB121AAD01}</UniqueIdentifier>
      <Extensions>rc;ico;cur;bmp;dlg;rc2;rct;bin;rgs;gif;jpg;jpeg;jpe;resx;tiff;tif;png;wav;mfcribbon-ms</Extensions>
    </Filter>
    <Filter Include="Core">
      <UniqueIdentifier>{1727aaa6-bdad-4f15-a929-f06321c311c0}</UniqueIdentifier>
    </Filter>
    <Filter Include="app">
      <UniqueIdentifier>{d291f008-954a-41f9-b311-17e1cc018f94}</UniqueIdentifier>
    </Filter>
  </ItemGroup>
  <ItemGroup>
    <ClCompile Include="Core\EventLogger.cpp">
      <Filter>Core</Filter>
    </ClCompile>
    <ClCompile Include="server.cpp">
      <Filter>app</Filter>
    </ClCompile>
  </ItemGroup>
  <ItemGroup>
    <ClInclude Include="Core\IDatabase.hpp">
      <Filter>Core</Filter>
    </ClInclude>
    <ClInclude Include="Core\EventLogger.hpp">
      <Filter>Core</Filter>
    </ClInclude>
    <ClInclude Include="IServer.hpp">
      <Filter>Core</Filter>
    </ClInclude>
    <ClInclude Include="ILogger.hpp">
      <Filter>Core</Filter>
    </ClInclude>
  </ItemGroup>
</Project>